// !$*UTF8*$!
{
	archiveVersion = 1;
	classes = {
	};
	objectVersion = 46;
	objects = {

/* Begin PBXBuildFile section */
		89F104111EB09FED002D7893 /* main.m in Sources */ = {isa = PBXBuildFile; fileRef = 89F104101EB09FED002D7893 /* main.m */; };
		89F104141EB09FED002D7893 /* AppDelegate.m in Sources */ = {isa = PBXBuildFile; fileRef = 89F104131EB09FED002D7893 /* AppDelegate.m */; };
		89F104171EB09FED002D7893 /* ViewController.m in Sources */ = {isa = PBXBuildFile; fileRef = 89F104161EB09FED002D7893 /* ViewController.m */; };
		89F1041A1EB09FED002D7893 /* Main.storyboard in Resources */ = {isa = PBXBuildFile; fileRef = 89F104181EB09FED002D7893 /* Main.storyboard */; };
		89F1041C1EB09FED002D7893 /* Assets.xcassets in Resources */ = {isa = PBXBuildFile; fileRef = 89F1041B1EB09FED002D7893 /* Assets.xcassets */; };
		89F1041F1EB09FED002D7893 /* LaunchScreen.storyboard in Resources */ = {isa = PBXBuildFile; fileRef = 89F1041D1EB09FED002D7893 /* LaunchScreen.storyboard */; };
/* End PBXBuildFile section */

/* Begin PBXFileReference section */
		89F1040C1EB09FED002D7893 /* testSuccess.app */ = {isa = PBXFileReference; explicitFileType = wrapper.application; includeInIndex = 0; path = testSuccess.app; sourceTree = BUILT_PRODUCTS_DIR; };
		89F104101EB09FED002D7893 /* main.m */ = {isa = PBXFileReference; lastKnownFileType = sourcecode.c.objc; path = main.m; sourceTree = "<group>"; };
		89F104121EB09FED002D7893 /* AppDelegate.h */ = {isa = PBXFileReference; lastKnownFileType = sourcecode.c.h; path = AppDelegate.h; sourceTree = "<group>"; };
		89F104131EB09FED002D7893 /* AppDelegate.m */ = {isa = PBXFileReference; lastKnownFileType = sourcecode.c.objc; path = AppDelegate.m; sourceTree = "<group>"; };
		89F104151EB09FED002D7893 /* ViewController.h */ = {isa = PBXFileReference; lastKnownFileType = sourcecode.c.h; path = ViewController.h; sourceTree = "<group>"; };
		89F104161EB09FED002D7893 /* ViewController.m */ = {isa = PBXFileReference; lastKnownFileType = sourcecode.c.objc; path = ViewController.m; sourceTree = "<group>"; };
		89F104191EB09FED002D7893 /* Base */ = {isa = PBXFileReference; lastKnownFileType = file.storyboard; name = Base; path = Base.lproj/Main.storyboard; sourceTree = "<group>"; };
		89F1041B1EB09FED002D7893 /* Assets.xcassets */ = {isa = PBXFileReference; lastKnownFileType = folder.assetcatalog; path = Assets.xcassets; sourceTree = "<group>"; };
		89F1041E1EB09FED002D7893 /* Base */ = {isa = PBXFileReference; lastKnownFileType = file.storyboard; name = Base; path = Base.lproj/LaunchScreen.storyboard; sourceTree = "<group>"; };
		89F104201EB09FED002D7893 /* Info.plist */ = {isa = PBXFileReference; lastKnownFileType = text.plist.xml; path = Info.plist; sourceTree = "<group>"; };
/* End PBXFileReference section */

/* Begin PBXFrameworksBuildPhase section */
		89F104091EB09FED002D7893 /* Frameworks */ = {
			isa = PBXFrameworksBuildPhase;
			buildActionMask = 2147483647;
			files = (
			);
			runOnlyForDeploymentPostprocessing = 0;
		};
/* End PBXFrameworksBuildPhase section */

/* Begin PBXGroup section */
		89F104031EB09FED002D7893 = {
			isa = PBXGroup;
			children = (
				89F1040E1EB09FED002D7893 /* testSuccess */,
				89F1040D1EB09FED002D7893 /* Products */,
			);
			sourceTree = "<group>";
		};
		89F1040D1EB09FED002D7893 /* Products */ = {
			isa = PBXGroup;
			children = (
				89F1040C1EB09FED002D7893 /* testSuccess.app */,
			);
			name = Products;
			sourceTree = "<group>";
		};
		89F1040E1EB09FED002D7893 /* testSuccess */ = {
			isa = PBXGroup;
			children = (
				89F104121EB09FED002D7893 /* AppDelegate.h */,
				89F104131EB09FED002D7893 /* AppDelegate.m */,
				89F104151EB09FED002D7893 /* ViewController.h */,
				89F104161EB09FED002D7893 /* ViewController.m */,
				89F104181EB09FED002D7893 /* Main.storyboard */,
				89F1041B1EB09FED002D7893 /* Assets.xcassets */,
				89F1041D1EB09FED002D7893 /* LaunchScreen.storyboard */,
				89F104201EB09FED002D7893 /* Info.plist */,
				89F1040F1EB09FED002D7893 /* Supporting Files */,
			);
			path = testSuccess;
			sourceTree = "<group>";
		};
		89F1040F1EB09FED002D7893 /* Supporting Files */ = {
			isa = PBXGroup;
			children = (
				89F104101EB09FED002D7893 /* main.m */,
			);
			name = "Supporting Files";
			sourceTree = "<group>";
		};
/* End PBXGroup section */

/* Begin PBXNativeTarget section */
		89F1040B1EB09FED002D7893 /* testSuccess */ = {
			isa = PBXNativeTarget;
			buildConfigurationList = 89F104231EB09FED002D7893 /* Build configuration list for PBXNativeTarget "testSuccess" */;
			buildPhases = (
				89F104081EB09FED002D7893 /* Sources */,
				89F104091EB09FED002D7893 /* Frameworks */,
				89F1040A1EB09FED002D7893 /* Resources */,
			);
			buildRules = (
			);
			dependencies = (
			);
			name = testSuccess;
			productName = testSuccess;
			productReference = 89F1040C1EB09FED002D7893 /* testSuccess.app */;
			productType = "com.apple.product-type.application";
		};
/* End PBXNativeTarget section */

/* Begin PBXProject section */
		89F104041EB09FED002D7893 /* Project object */ = {
			isa = PBXProject;
			attributes = {
				LastUpgradeCheck = 0820;
				ORGANIZATIONNAME = "gao zhen";
				TargetAttributes = {
					89F1040B1EB09FED002D7893 = {
						CreatedOnToolsVersion = 8.2.1;
						DevelopmentTeam = 2CQZCHBB4S;
						ProvisioningStyle = Automatic;
					};
				};
			};
			buildConfigurationList = 89F104071EB09FED002D7893 /* Build configuration list for PBXProject "testSuccess" */;
			compatibilityVersion = "Xcode 3.2";
			developmentRegion = English;
			hasScannedForEncodings = 0;
			knownRegions = (
				en,
				Base,
			);
			mainGroup = 89F104031EB09FED002D7893;
			productRefGroup = 89F1040D1EB09FED002D7893 /* Products */;
			projectDirPath = "";
			projectRoot = "";
			targets = (
				89F1040B1EB09FED002D7893 /* testSuccess */,
			);
		};
/* End PBXProject section */

/* Begin PBXResourcesBuildPhase section */
		89F1040A1EB09FED002D7893 /* Resources */ = {
			isa = PBXResourcesBuildPhase;
			buildActionMask = 2147483647;
			files = (
				89F1041F1EB09FED002D7893 /* LaunchScreen.storyboard in Resources */,
				89F1041C1EB09FED002D7893 /* Assets.xcassets in Resources */,
				89F1041A1EB09FED002D7893 /* Main.storyboard in Resources */,
			);
			runOnlyForDeploymentPostprocessing = 0;
		};
/* End PBXResourcesBuildPhase section */

/* Begin PBXSourcesBuildPhase section */
		89F104081EB09FED002D7893 /* Sources */ = {
			isa = PBXSourcesBuildPhase;
			buildActionMask = 2147483647;
			files = (
				89F104171EB09FED002D7893 /* ViewController.m in Sources */,
				89F104141EB09FED002D7893 /* AppDelegate.m in Sources */,
				89F104111EB09FED002D7893 /* main.m in Sources */,
			);
			runOnlyForDeploymentPostprocessing = 0;
		};
/* End PBXSourcesBuildPhase section */

/* Begin PBXVariantGroup section */
		89F104181EB09FED002D7893 /* Main.storyboard */ = {
			isa = PBXVariantGroup;
			children = (
				89F104191EB09FED002D7893 /* Base */,
			);
			name = Main.storyboard;
			sourceTree = "<group>";
		};
		89F1041D1EB09FED002D7893 /* LaunchScreen.storyboard */ = {
			isa = PBXVariantGroup;
			children = (
				89F1041E1EB09FED002D7893 /* Base */,
			);
			name = LaunchScreen.storyboard;
			sourceTree = "<group>";
		};
/* End PBXVariantGroup section */

/* Begin XCBuildConfiguration section */
		89F104211EB09FED002D7893 /* Debug */ = {
			isa = XCBuildConfiguration;
			buildSettings = {
				ALWAYS_SEARCH_USER_PATHS = NO;
				CLANG_ANALYZER_NONNULL = YES;
				CLANG_CXX_LANGUAGE_STANDARD = "gnu++0x";
				CLANG_CXX_LIBRARY = "libc++";
				CLANG_ENABLE_MODULES = YES;
				CLANG_ENABLE_OBJC_ARC = YES;
				CLANG_WARN_BOOL_CONVERSION = YES;
				CLANG_WARN_CONSTANT_CONVERSION = YES;
				CLANG_WARN_DIRECT_OBJC_ISA_USAGE = YES_ERROR;
				CLANG_WARN_DOCUMENTATION_COMMENTS = YES;
				CLANG_WARN_EMPTY_BODY = YES;
				CLANG_WARN_ENUM_CONVERSION = YES;
				CLANG_WARN_INFINITE_RECURSION = YES;
				CLANG_WARN_INT_CONVERSION = YES;
				CLANG_WARN_OBJC_ROOT_CLASS = YES_ERROR;
				CLANG_WARN_SUSPICIOUS_MOVE = YES;
				CLANG_WARN_UNREACHABLE_CODE = YES;
				CLANG_WARN__DUPLICATE_METHOD_MATCH = YES;
				"CODE_SIGN_IDENTITY[sdk=iphoneos*]" = "iPhone Developer";
				COPY_PHASE_STRIP = NO;
				DEBUG_INFORMATION_FORMAT = dwarf;
				ENABLE_STRICT_OBJC_MSGSEND = YES;
				ENABLE_TESTABILITY = YES;
				GCC_C_LANGUAGE_STANDARD = gnu99;
				GCC_DYNAMIC_NO_PIC = NO;
				GCC_NO_COMMON_BLOCKS = YES;
				GCC_OPTIMIZATION_LEVEL = 0;
				GCC_PREPROCESSOR_DEFINITIONS = (
					"DEBUG=1",
					"$(inherited)",
				);
				GCC_WARN_64_TO_32_BIT_CONVERSION = YES;
				GCC_WARN_ABOUT_RETURN_TYPE = YES_ERROR;
				GCC_WARN_UNDECLARED_SELECTOR = YES;
				GCC_WARN_UNINITIALIZED_AUTOS = YES_AGGRESSIVE;
				GCC_WARN_UNUSED_FUNCTION = YES;
				GCC_WARN_UNUSED_VARIABLE = YES;
				IPHONEOS_DEPLOYMENT_TARGET = 10.2;
				MTL_ENABLE_DEBUG_INFO = YES;
				ONLY_ACTIVE_ARCH = YES;
				SDKROOT = iphoneos;
			};
			name = Debug;
		};
		89F104221EB09FED002D7893 /* Release */ = {
			isa = XCBuildConfiguration;
			buildSettings = {
				ALWAYS_SEARCH_USER_PATHS = NO;
				CLANG_ANALYZER_NONNULL = YES;
				CLANG_CXX_LANGUAGE_STANDARD = "gnu++0x";
				CLANG_CXX_LIBRARY = "libc++";
				CLANG_ENABLE_MODULES = YES;
				CLANG_ENABLE_OBJC_ARC = YES;
				CLANG_WARN_BOOL_CONVERSION = YES;
				CLANG_WARN_CONSTANT_CONVERSION = YES;
				CLANG_WARN_DIRECT_OBJC_ISA_USAGE = YES_ERROR;
				CLANG_WARN_DOCUMENTATION_COMMENTS = YES;
				CLANG_WARN_EMPTY_BODY = YES;
				CLANG_WARN_ENUM_CONVERSION = YES;
				CLANG_WARN_INFINITE_RECURSION = YES;
				CLANG_WARN_INT_CONVERSION = YES;
				CLANG_WARN_OBJC_ROOT_CLASS = YES_ERROR;
				CLANG_WARN_SUSPICIOUS_MOVE = YES;
				CLANG_WARN_UNREACHABLE_CODE = YES;
				CLANG_WARN__DUPLICATE_METHOD_MATCH = YES;
				"CODE_SIGN_IDENTITY[sdk=iphoneos*]" = "iPhone Developer";
				COPY_PHASE_STRIP = NO;
				DEBUG_INFORMATION_FORMAT = "dwarf-with-dsym";
				ENABLE_NS_ASSERTIONS = NO;
				ENABLE_STRICT_OBJC_MSGSEND = YES;
				GCC_C_LANGUAGE_STANDARD = gnu99;
				GCC_NO_COMMON_BLOCKS = YES;
				GCC_WARN_64_TO_32_BIT_CONVERSION = YES;
				GCC_WARN_ABOUT_RETURN_TYPE = YES_ERROR;
				GCC_WARN_UNDECLARED_SELECTOR = YES;
				GCC_WARN_UNINITIALIZED_AUTOS = YES_AGGRESSIVE;
				GCC_WARN_UNUSED_FUNCTION = YES;
				GCC_WARN_UNUSED_VARIABLE = YES;
				IPHONEOS_DEPLOYMENT_TARGET = 10.2;
				MTL_ENABLE_DEBUG_INFO = NO;
				SDKROOT = iphoneos;
				VALIDATE_PRODUCT = YES;
			};
			name = Release;
		};
		89F104241EB09FED002D7893 /* Debug */ = {
			isa = XCBuildConfiguration;
			buildSettings = {
				ASSETCATALOG_COMPILER_APPICON_NAME = AppIcon;
				DEVELOPMENT_TEAM = 2CQZCHBB4S;
				INFOPLIST_FILE = testSuccess/Info.plist;
				LD_RUNPATH_SEARCH_PATHS = "$(inherited) @executable_path/Frameworks";
				PRODUCT_BUNDLE_IDENTIFIER = gzz.com.cn.testSuccess;
				PRODUCT_NAME = "$(TARGET_NAME)";
			};
			name = Debug;
		};
		89F104251EB09FED002D7893 /* Release */ = {
			isa = XCBuildConfiguration;
			buildSettings = {
				ASSETCATALOG_COMPILER_APPICON_NAME = AppIcon;
				DEVELOPMENT_TEAM = 2CQZCHBB4S;
				INFOPLIST_FILE = testSuccess/Info.plist;
				LD_RUNPATH_SEARCH_PATHS = "$(inherited) @executable_path/Frameworks";
				PRODUCT_BUNDLE_IDENTIFIER = gzz.com.cn.testSuccess;
				PRODUCT_NAME = "$(TARGET_NAME)";
			};
			name = Release;
		};
/* End XCBuildConfiguration section */

/* Begin XCConfigurationList section */
		89F104071EB09FED002D7893 /* Build configuration list for PBXProject "testSuccess" */ = {
			isa = XCConfigurationList;
			buildConfigurations = (
				89F104211EB09FED002D7893 /* Debug */,
				89F104221EB09FED002D7893 /* Release */,
			);
			defaultConfigurationIsVisible = 0;
			defaultConfigurationName = Release;
		};
		89F104231EB09FED002D7893 /* Build configuration list for PBXNativeTarget "testSuccess" */ = {
			isa = XCConfigurationList;
			buildConfigurations = (
				89F104241EB09FED002D7893 /* Debug */,
				89F104251EB09FED002D7893 /* Release */,
			);
			defaultConfigurationIsVisible = 0;
		};
/* End XCConfigurationList section */
	};
	rootObject = 89F104041EB09FED002D7893 /* Project object */;
}
